
Microsoft Visual Studio Solution File, Format Version 12.00
# Visual Studio 15
VisualStudioVersion = 15.0.28307.168
MinimumVisualStudioVersion = 10.0.40219.1
Project("{FAE04EC0-301F-11D3-BF4B-00C04F79EFBC}") = "Monopoly - Server", "Monopoly - Server\Monopoly - Server.csproj", "{9A297F0D-5DAB-402E-B2A8-653D60F440B9}"
EndProject
Global
	GlobalSection(SolutionConfigurationPlatforms) = preSolution
		Debug|Any CPU = Debug|Any CPU
		Release|Any CPU = Release|Any CPU
	EndGlobalSection
	GlobalSection(ProjectConfigurationPlatforms) = postSolution
		{9A297F0D-5DAB-402E-B2A8-653D60F440B9}.Debug|Any CPU.ActiveCfg = Debug|Any CPU
		{9A297F0D-5DAB-402E-B2A8-653D60F440B9}.Debug|Any CPU.Build.0 = Debug|Any CPU
		{9A297F0D-5DAB-402E-B2A8-653D60F440B9}.Release|Any CPU.ActiveCfg = Release|Any CPU
		{9A297F0D-5DAB-402E-B2A8-653D60F440B9}.Release|Any CPU.Build.0 = Release|Any CPU
	EndGlobalSection
	GlobalSection(SolutionProperties) = preSolution
		HideSolutionNode = FALSE
	EndGlobalSection
	GlobalSection(ExtensibilityGlobals) = postSolution
		SolutionGuid = {4DB1B972-F056-45E3-B8DF-CF8B37C84B71}
	EndGlobalSection
EndGlobal
